// !$*UTF8*$!
{
	archiveVersion = 1;
	classes = {
	};
	objectVersion = 56;
	objects = {

/* Begin PBXBuildFile section */
		3EA210B12C0536FB00333B28 /* TextualApp.swift in Sources */ = {isa = PBXBuildFile; fileRef = 3EA210B02C0536FB00333B28 /* TextualApp.swift */; };
		3EA210B32C0536FB00333B28 /* ContentView.swift in Sources */ = {isa = PBXBuildFile; fileRef = 3EA210B22C0536FB00333B28 /* ContentView.swift */; };
		3EA210B52C0536FC00333B28 /* Assets.xcassets in Resources */ = {isa = PBXBuildFile; fileRef = 3EA210B42C0536FC00333B28 /* Assets.xcassets */; };
		3EA210B82C0536FC00333B28 /* Preview Assets.xcassets in Resources */ = {isa = PBXBuildFile; fileRef = 3EA210B72C0536FC00333B28 /* Preview Assets.xcassets */; };
		3EA210C22C0536FC00333B28 /* TextualTests.swift in Sources */ = {isa = PBXBuildFile; fileRef = 3EA210C12C0536FC00333B28 /* TextualTests.swift */; };
		3EA210CC2C0536FC00333B28 /* TextualUITests.swift in Sources */ = {isa = PBXBuildFile; fileRef = 3EA210CB2C0536FC00333B28 /* TextualUITests.swift */; };
		3EA210CE2C0536FC00333B28 /* TextualUITestsLaunchTests.swift in Sources */ = {isa = PBXBuildFile; fileRef = 3EA210CD2C0536FC00333B28 /* TextualUITestsLaunchTests.swift */; };
/* End PBXBuildFile section */

/* Begin PBXContainerItemProxy section */
		3EA210BE2C0536FC00333B28 /* PBXContainerItemProxy */ = {
			isa = PBXContainerItemProxy;
			containerPortal = 3EA210A52C0536FB00333B28 /* Project object */;
			proxyType = 1;
			remoteGlobalIDString = 3EA210AC2C0536FB00333B28;
			remoteInfo = Textual;
		};
		3EA210C82C0536FC00333B28 /* PBXContainerItemProxy */ = {
			isa = PBXContainerItemProxy;
			containerPortal = 3EA210A52C0536FB00333B28 /* Project object */;
			proxyType = 1;
			remoteGlobalIDString = 3EA210AC2C0536FB00333B28;
			remoteInfo = Textual;
		};
/* End PBXContainerItemProxy section */

/* Begin PBXFileReference section */
		3EA210AD2C0536FB00333B28 /* Textual.app */ = {isa = PBXFileReference; explicitFileType = wrapper.application; includeInIndex = 0; path = Textual.app; sourceTree = BUILT_PRODUCTS_DIR; };
		3EA210B02C0536FB00333B28 /* TextualApp.swift */ = {isa = PBXFileReference; lastKnownFileType = sourcecode.swift; path = TextualApp.swift; sourceTree = "<group>"; };
		3EA210B22C0536FB00333B28 /* ContentView.swift */ = {isa = PBXFileReference; lastKnownFileType = sourcecode.swift; path = ContentView.swift; sourceTree = "<group>"; };
		3EA210B42C0536FC00333B28 /* Assets.xcassets */ = {isa = PBXFileReference; lastKnownFileType = folder.assetcatalog; path = Assets.xcassets; sourceTree = "<group>"; };
		3EA210B72C0536FC00333B28 /* Preview Assets.xcassets */ = {isa = PBXFileReference; lastKnownFileType = folder.assetcatalog; path = "Preview Assets.xcassets"; sourceTree = "<group>"; };
		3EA210BD2C0536FC00333B28 /* TextualTests.xctest */ = {isa = PBXFileReference; explicitFileType = wrapper.cfbundle; includeInIndex = 0; path = TextualTests.xctest; sourceTree = BUILT_PRODUCTS_DIR; };
		3EA210C12C0536FC00333B28 /* TextualTests.swift */ = {isa = PBXFileReference; lastKnownFileType = sourcecode.swift; path = TextualTests.swift; sourceTree = "<group>"; };
		3EA210C72C0536FC00333B28 /* TextualUITests.xctest */ = {isa = PBXFileReference; explicitFileType = wrapper.cfbundle; includeInIndex = 0; path = TextualUITests.xctest; sourceTree = BUILT_PRODUCTS_DIR; };
		3EA210CB2C0536FC00333B28 /* TextualUITests.swift */ = {isa = PBXFileReference; lastKnownFileType = sourcecode.swift; path = TextualUITests.swift; sourceTree = "<group>"; };
		3EA210CD2C0536FC00333B28 /* TextualUITestsLaunchTests.swift */ = {isa = PBXFileReference; lastKnownFileType = sourcecode.swift; path = TextualUITestsLaunchTests.swift; sourceTree = "<group>"; };
/* End PBXFileReference section */

/* Begin PBXFrameworksBuildPhase section */
		3EA210AA2C0536FB00333B28 /* Frameworks */ = {
			isa = PBXFrameworksBuildPhase;
			buildActionMask = 2147483647;
			files = (
			);
			runOnlyForDeploymentPostprocessing = 0;
		};
		3EA210BA2C0536FC00333B28 /* Frameworks */ = {
			isa = PBXFrameworksBuildPhase;
			buildActionMask = 2147483647;
			files = (
			);
			runOnlyForDeploymentPostprocessing = 0;
		};
		3EA210C42C0536FC00333B28 /* Frameworks */ = {
			isa = PBXFrameworksBuildPhase;
			buildActionMask = 2147483647;
			files = (
			);
			runOnlyForDeploymentPostprocessing = 0;
		};
/* End PBXFrameworksBuildPhase section */

/* Begin PBXGroup section */
		3EA210A42C0536FB00333B28 = {
			isa = PBXGroup;
			children = (
				3EA210AF2C0536FB00333B28 /* Textual */,
				3EA210C02C0536FC00333B28 /* TextualTests */,
				3EA210CA2C0536FC00333B28 /* TextualUITests */,
				3EA210AE2C0536FB00333B28 /* Products */,
			);
			sourceTree = "<group>";
		};
		3EA210AE2C0536FB00333B28 /* Products */ = {
			isa = PBXGroup;
			children = (
				3EA210AD2C0536FB00333B28 /* Textual.app */,
				3EA210BD2C0536FC00333B28 /* TextualTests.xctest */,
				3EA210C72C0536FC00333B28 /* TextualUITests.xctest */,
			);
			name = Products;
			sourceTree = "<group>";
		};
		3EA210AF2C0536FB00333B28 /* Textual */ = {
			isa = PBXGroup;
			children = (
				3EA210B02C0536FB00333B28 /* TextualApp.swift */,
				3EA210B22C0536FB00333B28 /* ContentView.swift */,
				3EA210B42C0536FC00333B28 /* Assets.xcassets */,
				3EA210B62C0536FC00333B28 /* Preview Content */,
			);
			path = Textual;
			sourceTree = "<group>";
		};
		3EA210B62C0536FC00333B28 /* Preview Content */ = {
			isa = PBXGroup;
			children = (
				3EA210B72C0536FC00333B28 /* Preview Assets.xcassets */,
			);
			path = "Preview Content";
			sourceTree = "<group>";
		};
		3EA210C02C0536FC00333B28 /* TextualTests */ = {
			isa = PBXGroup;
			children = (
				3EA210C12C0536FC00333B28 /* TextualTests.swift */,
			);
			path = TextualTests;
			sourceTree = "<group>";
		};
		3EA210CA2C0536FC00333B28 /* TextualUITests */ = {
			isa = PBXGroup;
			children = (
				3EA210CB2C0536FC00333B28 /* TextualUITests.swift */,
				3EA210CD2C0536FC00333B28 /* TextualUITestsLaunchTests.swift */,
			);
			path = TextualUITests;
			sourceTree = "<group>";
		};
/* End PBXGroup section */

/* Begin PBXNativeTarget section */
		3EA210AC2C0536FB00333B28 /* Textual */ = {
			isa = PBXNativeTarget;
			buildConfigurationList = 3EA210D12C0536FC00333B28 /* Build configuration list for PBXNativeTarget "Textual" */;
			buildPhases = (
				3EA210A92C0536FB00333B28 /* Sources */,
				3EA210AA2C0536FB00333B28 /* Frameworks */,
				3EA210AB2C0536FB00333B28 /* Resources */,
			);
			buildRules = (
			);
			dependencies = (
			);
			name = Textual;
			productName = Textual;
			productReference = 3EA210AD2C0536FB00333B28 /* Textual.app */;
			productType = "com.apple.product-type.application";
		};
		3EA210BC2C0536FC00333B28 /* TextualTests */ = {
			isa = PBXNativeTarget;
			buildConfigurationList = 3EA210D42C0536FC00333B28 /* Build configuration list for PBXNativeTarget "TextualTests" */;
			buildPhases = (
				3EA210B92C0536FC00333B28 /* Sources */,
				3EA210BA2C0536FC00333B28 /* Frameworks */,
				3EA210BB2C0536FC00333B28 /* Resources */,
			);
			buildRules = (
			);
			dependencies = (
				3EA210BF2C0536FC00333B28 /* PBXTargetDependency */,
			);
			name = TextualTests;
			productName = TextualTests;
			productReference = 3EA210BD2C0536FC00333B28 /* TextualTests.xctest */;
			productType = "com.apple.product-type.bundle.unit-test";
		};
		3EA210C62C0536FC00333B28 /* TextualUITests */ = {
			isa = PBXNativeTarget;
			buildConfigurationList = 3EA210D72C0536FC00333B28 /* Build configuration list for PBXNativeTarget "TextualUITests" */;
			buildPhases = (
				3EA210C32C0536FC00333B28 /* Sources */,
				3EA210C42C0536FC00333B28 /* Frameworks */,
				3EA210C52C0536FC00333B28 /* Resources */,
			);
			buildRules = (
			);
			dependencies = (
				3EA210C92C0536FC00333B28 /* PBXTargetDependency */,
			);
			name = TextualUITests;
			productName = TextualUITests;
			productReference = 3EA210C72C0536FC00333B28 /* TextualUITests.xctest */;
			productType = "com.apple.product-type.bundle.ui-testing";
		};
/* End PBXNativeTarget section */

/* Begin PBXProject section */
		3EA210A52C0536FB00333B28 /* Project object */ = {
			isa = PBXProject;
			attributes = {
				BuildIndependentTargetsInParallel = 1;
				LastSwiftUpdateCheck = 1540;
				LastUpgradeCheck = 1540;
				TargetAttributes = {
					3EA210AC2C0536FB00333B28 = {
						CreatedOnToolsVersion = 15.4;
					};
					3EA210BC2C0536FC00333B28 = {
						CreatedOnToolsVersion = 15.4;
						TestTargetID = 3EA210AC2C0536FB00333B28;
					};
					3EA210C62C0536FC00333B28 = {
						CreatedOnToolsVersion = 15.4;
						TestTargetID = 3EA210AC2C0536FB00333B28;
					};
				};
			};
			buildConfigurationList = 3EA210A82C0536FB00333B28 /* Build configuration list for PBXProject "Textual" */;
			compatibilityVersion = "Xcode 14.0";
			developmentRegion = en;
			hasScannedForEncodings = 0;
			knownRegions = (
				en,
				Base,
			);
			mainGroup = 3EA210A42C0536FB00333B28;
			productRefGroup = 3EA210AE2C0536FB00333B28 /* Products */;
			projectDirPath = "";
			projectRoot = "";
			targets = (
				3EA210AC2C0536FB00333B28 /* Textual */,
				3EA210BC2C0536FC00333B28 /* TextualTests */,
				3EA210C62C0536FC00333B28 /* TextualUITests */,
			);
		};
/* End PBXProject section */

/* Begin PBXResourcesBuildPhase section */
		3EA210AB2C0536FB00333B28 /* Resources */ = {
			isa = PBXResourcesBuildPhase;
			buildActionMask = 2147483647;
			files = (
				3EA210B82C0536FC00333B28 /* Preview Assets.xcassets in Resources */,
				3EA210B52C0536FC00333B28 /* Assets.xcassets in Resources */,
			);
			runOnlyForDeploymentPostprocessing = 0;
		};
		3EA210BB2C0536FC00333B28 /* Resources */ = {
			isa = PBXResourcesBuildPhase;
			buildActionMask = 2147483647;
			files = (
			);
			runOnlyForDeploymentPostprocessing = 0;
		};
		3EA210C52C0536FC00333B28 /* Resources */ = {
			isa = PBXResourcesBuildPhase;
			buildActionMask = 2147483647;
			files = (
			);
			runOnlyForDeploymentPostprocessing = 0;
		};
/* End PBXResourcesBuildPhase section */

/* Begin PBXSourcesBuildPhase section */
		3EA210A92C0536FB00333B28 /* Sources */ = {
			isa = PBXSourcesBuildPhase;
			buildActionMask = 2147483647;
			files = (
				3EA210B32C0536FB00333B28 /* ContentView.swift in Sources */,
				3EA210B12C0536FB00333B28 /* TextualApp.swift in Sources */,
			);
			runOnlyForDeploymentPostprocessing = 0;
		};
		3EA210B92C0536FC00333B28 /* Sources */ = {
			isa = PBXSourcesBuildPhase;
			buildActionMask = 2147483647;
			files = (
				3EA210C22C0536FC00333B28 /* TextualTests.swift in Sources */,
			);
			runOnlyForDeploymentPostprocessing = 0;
		};
		3EA210C32C0536FC00333B28 /* Sources */ = {
			isa = PBXSourcesBuildPhase;
			buildActionMask = 2147483647;
			files = (
				3EA210CE2C0536FC00333B28 /* TextualUITestsLaunchTests.swift in Sources */,
				3EA210CC2C0536FC00333B28 /* TextualUITests.swift in Sources */,
			);
			runOnlyForDeploymentPostprocessing = 0;
		};
/* End PBXSourcesBuildPhase section */

/* Begin PBXTargetDependency section */
		3EA210BF2C0536FC00333B28 /* PBXTargetDependency */ = {
			isa = PBXTargetDependency;
			target = 3EA210AC2C0536FB00333B28 /* Textual */;
			targetProxy = 3EA210BE2C0536FC00333B28 /* PBXContainerItemProxy */;
		};
		3EA210C92C0536FC00333B28 /* PBXTargetDependency */ = {
			isa = PBXTargetDependency;
			target = 3EA210AC2C0536FB00333B28 /* Textual */;
			targetProxy = 3EA210C82C0536FC00333B28 /* PBXContainerItemProxy */;
		};
/* End PBXTargetDependency section */

/* Begin XCBuildConfiguration section */
		3EA210CF2C0536FC00333B28 /* Debug */ = {
			isa = XCBuildConfiguration;
			buildSettings = {
				ALWAYS_SEARCH_USER_PATHS = NO;
				ASSETCATALOG_COMPILER_GENERATE_SWIFT_ASSET_SYMBOL_EXTENSIONS = YES;
				CLANG_ANALYZER_NONNULL = YES;
				CLANG_ANALYZER_NUMBER_OBJECT_CONVERSION = YES_AGGRESSIVE;
				CLANG_CXX_LANGUAGE_STANDARD = "gnu++20";
				CLANG_ENABLE_MODULES = YES;
				CLANG_ENABLE_OBJC_ARC = YES;
				CLANG_ENABLE_OBJC_WEAK = YES;
				CLANG_WARN_BLOCK_CAPTURE_AUTORELEASING = YES;
				CLANG_WARN_BOOL_CONVERSION = YES;
				CLANG_WARN_COMMA = YES;
				CLANG_WARN_CONSTANT_CONVERSION = YES;
				CLANG_WARN_DEPRECATED_OBJC_IMPLEMENTATIONS = YES;
				CLANG_WARN_DIRECT_OBJC_ISA_USAGE = YES_ERROR;
				CLANG_WARN_DOCUMENTATION_COMMENTS = YES;
				CLANG_WARN_EMPTY_BODY = YES;
				CLANG_WARN_ENUM_CONVERSION = YES;
				CLANG_WARN_INFINITE_RECURSION = YES;
				CLANG_WARN_INT_CONVERSION = YES;
				CLANG_WARN_NON_LITERAL_NULL_CONVERSION = YES;
				CLANG_WARN_OBJC_IMPLICIT_RETAIN_SELF = YES;
				CLANG_WARN_OBJC_LITERAL_CONVERSION = YES;
				CLANG_WARN_OBJC_ROOT_CLASS = YES_ERROR;
				CLANG_WARN_QUOTED_INCLUDE_IN_FRAMEWORK_HEADER = YES;
				CLANG_WARN_RANGE_LOOP_ANALYSIS = YES;
				CLANG_WARN_STRICT_PROTOTYPES = YES;
				CLANG_WARN_SUSPICIOUS_MOVE = YES;
				CLANG_WARN_UNGUARDED_AVAILABILITY = YES_AGGRESSIVE;
				CLANG_WARN_UNREACHABLE_CODE = YES;
				CLANG_WARN__DUPLICATE_METHOD_MATCH = YES;
				COPY_PHASE_STRIP = NO;
				DEBUG_INFORMATION_FORMAT = dwarf;
				ENABLE_STRICT_OBJC_MSGSEND = YES;
				ENABLE_TESTABILITY = YES;
				ENABLE_USER_SCRIPT_SANDBOXING = YES;
				GCC_C_LANGUAGE_STANDARD = gnu17;
				GCC_DYNAMIC_NO_PIC = NO;
				GCC_NO_COMMON_BLOCKS = YES;
				GCC_OPTIMIZATION_LEVEL = 0;
				GCC_PREPROCESSOR_DEFINITIONS = (
					"DEBUG=1",
					"$(inherited)",
				);
				GCC_WARN_64_TO_32_BIT_CONVERSION = YES;
				GCC_WARN_ABOUT_RETURN_TYPE = YES_ERROR;
				GCC_WARN_UNDECLARED_SELECTOR = YES;
				GCC_WARN_UNINITIALIZED_AUTOS = YES_AGGRESSIVE;
				GCC_WARN_UNUSED_FUNCTION = YES;
				GCC_WARN_UNUSED_VARIABLE = YES;
				IPHONEOS_DEPLOYMENT_TARGET = 17.5;
				LOCALIZATION_PREFERS_STRING_CATALOGS = YES;
				MTL_ENABLE_DEBUG_INFO = INCLUDE_SOURCE;
				MTL_FAST_MATH = YES;
				ONLY_ACTIVE_ARCH = YES;
				SDKROOT = iphoneos;
				SWIFT_ACTIVE_COMPILATION_CONDITIONS = "DEBUG $(inherited)";
				SWIFT_OPTIMIZATION_LEVEL = "-Onone";
			};
			name = Debug;
		};
		3EA210D02C0536FC00333B28 /* Release */ = {
			isa = XCBuildConfiguration;
			buildSettings = {
				ALWAYS_SEARCH_USER_PATHS = NO;
				ASSETCATALOG_COMPILER_GENERATE_SWIFT_ASSET_SYMBOL_EXTENSIONS = YES;
				CLANG_ANALYZER_NONNULL = YES;
				CLANG_ANALYZER_NUMBER_OBJECT_CONVERSION = YES_AGGRESSIVE;
				CLANG_CXX_LANGUAGE_STANDARD = "gnu++20";
				CLANG_ENABLE_MODULES = YES;
				CLANG_ENABLE_OBJC_ARC = YES;
				CLANG_ENABLE_OBJC_WEAK = YES;
				CLANG_WARN_BLOCK_CAPTURE_AUTORELEASING = YES;
				CLANG_WARN_BOOL_CONVERSION = YES;
				CLANG_WARN_COMMA = YES;
				CLANG_WARN_CONSTANT_CONVERSION = YES;
				CLANG_WARN_DEPRECATED_OBJC_IMPLEMENTATIONS = YES;
				CLANG_WARN_DIRECT_OBJC_ISA_USAGE = YES_ERROR;
				CLANG_WARN_DOCUMENTATION_COMMENTS = YES;
				CLANG_WARN_EMPTY_BODY = YES;
				CLANG_WARN_ENUM_CONVERSION = YES;
				CLANG_WARN_INFINITE_RECURSION = YES;
				CLANG_WARN_INT_CONVERSION = YES;
				CLANG_WARN_NON_LITERAL_NULL_CONVERSION = YES;
				CLANG_WARN_OBJC_IMPLICIT_RETAIN_SELF = YES;
				CLANG_WARN_OBJC_LITERAL_CONVERSION = YES;
				CLANG_WARN_OBJC_ROOT_CLASS = YES_ERROR;
				CLANG_WARN_QUOTED_INCLUDE_IN_FRAMEWORK_HEADER = YES;
				CLANG_WARN_RANGE_LOOP_ANALYSIS = YES;
				CLANG_WARN_STRICT_PROTOTYPES = YES;
				CLANG_WARN_SUSPICIOUS_MOVE = YES;
				CLANG_WARN_UNGUARDED_AVAILABILITY = YES_AGGRESSIVE;
				CLANG_WARN_UNREACHABLE_CODE = YES;
				CLANG_WARN__DUPLICATE_METHOD_MATCH = YES;
				COPY_PHASE_STRIP = NO;
				DEBUG_INFORMATION_FORMAT = "dwarf-with-dsym";
				ENABLE_NS_ASSERTIONS = NO;
				ENABLE_STRICT_OBJC_MSGSEND = YES;
				ENABLE_USER_SCRIPT_SANDBOXING = YES;
				GCC_C_LANGUAGE_STANDARD = gnu17;
				GCC_NO_COMMON_BLOCKS = YES;
				GCC_WARN_64_TO_32_BIT_CONVERSION = YES;
				GCC_WARN_ABOUT_RETURN_TYPE = YES_ERROR;
				GCC_WARN_UNDECLARED_SELECTOR = YES;
				GCC_WARN_UNINITIALIZED_AUTOS = YES_AGGRESSIVE;
				GCC_WARN_UNUSED_FUNCTION = YES;
				GCC_WARN_UNUSED_VARIABLE = YES;
				IPHONEOS_DEPLOYMENT_TARGET = 17.5;
				LOCALIZATION_PREFERS_STRING_CATALOGS = YES;
				MTL_ENABLE_DEBUG_INFO = NO;
				MTL_FAST_MATH = YES;
				SDKROOT = iphoneos;
				SWIFT_COMPILATION_MODE = wholemodule;
				VALIDATE_PRODUCT = YES;
			};
			name = Release;
		};
		3EA210D22C0536FC00333B28 /* Debug */ = {
			isa = XCBuildConfiguration;
			buildSettings = {
				ASSETCATALOG_COMPILER_APPICON_NAME = AppIcon;
				ASSETCATALOG_COMPILER_GLOBAL_ACCENT_COLOR_NAME = AccentColor;
				CODE_SIGN_STYLE = Automatic;
				CURRENT_PROJECT_VERSION = 1;
				DEVELOPMENT_ASSET_PATHS = "\"Textual/Preview Content\"";
				DEVELOPMENT_TEAM = ZPHETDMLWH;
				ENABLE_PREVIEWS = YES;
				GENERATE_INFOPLIST_FILE = YES;
				INFOPLIST_KEY_UIApplicationSceneManifest_Generation = YES;
				INFOPLIST_KEY_UIApplicationSupportsIndirectInputEvents = YES;
				INFOPLIST_KEY_UILaunchScreen_Generation = YES;
				INFOPLIST_KEY_UISupportedInterfaceOrientations_iPad = "UIInterfaceOrientationPortrait UIInterfaceOrientationPortraitUpsideDown UIInterfaceOrientationLandscapeLeft UIInterfaceOrientationLandscapeRight";
				INFOPLIST_KEY_UISupportedInterfaceOrientations_iPhone = "UIInterfaceOrientationPortrait UIInterfaceOrientationLandscapeLeft UIInterfaceOrientationLandscapeRight";
				LD_RUNPATH_SEARCH_PATHS = (
					"$(inherited)",
					"@executable_path/Frameworks",
				);
				MARKETING_VERSION = 1.0;
				PRODUCT_BUNDLE_IDENTIFIER = rybl.Textual;
				PRODUCT_NAME = "$(TARGET_NAME)";
				SWIFT_EMIT_LOC_STRINGS = YES;
				SWIFT_VERSION = 5.0;
				TARGETED_DEVICE_FAMILY = "1,2";
			};
			name = Debug;
		};
		3EA210D32C0536FC00333B28 /* Release */ = {
			isa = XCBuildConfiguration;
			buildSettings = {
				ASSETCATALOG_COMPILER_APPICON_NAME = AppIcon;
				ASSETCATALOG_COMPILER_GLOBAL_ACCENT_COLOR_NAME = AccentColor;
				CODE_SIGN_STYLE = Automatic;
				CURRENT_PROJECT_VERSION = 1;
				DEVELOPMENT_ASSET_PATHS = "\"Textual/Preview Content\"";
				DEVELOPMENT_TEAM = ZPHETDMLWH;
				ENABLE_PREVIEWS = YES;
				GENERATE_INFOPLIST_FILE = YES;
				INFOPLIST_KEY_UIApplicationSceneManifest_Generation = YES;
				INFOPLIST_KEY_UIApplicationSupportsIndirectInputEvents = YES;
				INFOPLIST_KEY_UILaunchScreen_Generation = YES;
				INFOPLIST_KEY_UISupportedInterfaceOrientations_iPad = "UIInterfaceOrientationPortrait UIInterfaceOrientationPortraitUpsideDown UIInterfaceOrientationLandscapeLeft UIInterfaceOrientationLandscapeRight";
				INFOPLIST_KEY_UISupportedInterfaceOrientations_iPhone = "UIInterfaceOrientationPortrait UIInterfaceOrientationLandscapeLeft UIInterfaceOrientationLandscapeRight";
				LD_RUNPATH_SEARCH_PATHS = (
					"$(inherited)",
					"@executable_path/Frameworks",
				);
				MARKETING_VERSION = 1.0;
				PRODUCT_BUNDLE_IDENTIFIER = rybl.Textual;
				PRODUCT_NAME = "$(TARGET_NAME)";
				SWIFT_EMIT_LOC_STRINGS = YES;
				SWIFT_VERSION = 5.0;
				TARGETED_DEVICE_FAMILY = "1,2";
			};
			name = Release;
		};
		3EA210D52C0536FC00333B28 /* Debug */ = {
			isa = XCBuildConfiguration;
			buildSettings = {
				ALWAYS_EMBED_SWIFT_STANDARD_LIBRARIES = YES;
				BUNDLE_LOADER = "$(TEST_HOST)";
				CODE_SIGN_STYLE = Automatic;
				CURRENT_PROJECT_VERSION = 1;
				DEVELOPMENT_TEAM = ZPHETDMLWH;
				GENERATE_INFOPLIST_FILE = YES;
				IPHONEOS_DEPLOYMENT_TARGET = 17.5;
				MARKETING_VERSION = 1.0;
				PRODUCT_BUNDLE_IDENTIFIER = rybl.TextualTests;
				PRODUCT_NAME = "$(TARGET_NAME)";
				SWIFT_EMIT_LOC_STRINGS = NO;
				SWIFT_VERSION = 5.0;
				TARGETED_DEVICE_FAMILY = "1,2";
				TEST_HOST = "$(BUILT_PRODUCTS_DIR)/Textual.app/$(BUNDLE_EXECUTABLE_FOLDER_PATH)/Textual";
			};
			name = Debug;
		};
		3EA210D62C0536FC00333B28 /* Release */ = {
			isa = XCBuildConfiguration;
			buildSettings = {
				ALWAYS_EMBED_SWIFT_STANDARD_LIBRARIES = YES;
				BUNDLE_LOADER = "$(TEST_HOST)";
				CODE_SIGN_STYLE = Automatic;
				CURRENT_PROJECT_VERSION = 1;
				DEVELOPMENT_TEAM = ZPHETDMLWH;
				GENERATE_INFOPLIST_FILE = YES;
				IPHONEOS_DEPLOYMENT_TARGET = 17.5;
				MARKETING_VERSION = 1.0;
				PRODUCT_BUNDLE_IDENTIFIER = rybl.TextualTests;
				PRODUCT_NAME = "$(TARGET_NAME)";
				SWIFT_EMIT_LOC_STRINGS = NO;
				SWIFT_VERSION = 5.0;
				TARGETED_DEVICE_FAMILY = "1,2";
				TEST_HOST = "$(BUILT_PRODUCTS_DIR)/Textual.app/$(BUNDLE_EXECUTABLE_FOLDER_PATH)/Textual";
			};
			name = Release;
		};
		3EA210D82C0536FC00333B28 /* Debug */ = {
			isa = XCBuildConfiguration;
			buildSettings = {
				ALWAYS_EMBED_SWIFT_STANDARD_LIBRARIES = YES;
				CODE_SIGN_STYLE = Automatic;
				CURRENT_PROJECT_VERSION = 1;
				DEVELOPMENT_TEAM = ZPHETDMLWH;
				GENERATE_INFOPLIST_FILE = YES;
				MARKETING_VERSION = 1.0;
				PRODUCT_BUNDLE_IDENTIFIER = rybl.TextualUITests;
				PRODUCT_NAME = "$(TARGET_NAME)";
				SWIFT_EMIT_LOC_STRINGS = NO;
				SWIFT_VERSION = 5.0;
				TARGETED_DEVICE_FAMILY = "1,2";
				TEST_TARGET_NAME = Textual;
			};
			name = Debug;
		};
		3EA210D92C0536FC00333B28 /* Release */ = {
			isa = XCBuildConfiguration;
			buildSettings = {
				ALWAYS_EMBED_SWIFT_STANDARD_LIBRARIES = YES;
				CODE_SIGN_STYLE = Automatic;
				CURRENT_PROJECT_VERSION = 1;
				DEVELOPMENT_TEAM = ZPHETDMLWH;
				GENERATE_INFOPLIST_FILE = YES;
				MARKETING_VERSION = 1.0;
				PRODUCT_BUNDLE_IDENTIFIER = rybl.TextualUITests;
				PRODUCT_NAME = "$(TARGET_NAME)";
				SWIFT_EMIT_LOC_STRINGS = NO;
				SWIFT_VERSION = 5.0;
				TARGETED_DEVICE_FAMILY = "1,2";
				TEST_TARGET_NAME = Textual;
			};
			name = Release;
		};
/* End XCBuildConfiguration section */

/* Begin XCConfigurationList section */
		3EA210A82C0536FB00333B28 /* Build configuration list for PBXProject "Textual" */ = {
			isa = XCConfigurationList;
			buildConfigurations = (
				3EA210CF2C0536FC00333B28 /* Debug */,
				3EA210D02C0536FC00333B28 /* Release */,
			);
			defaultConfigurationIsVisible = 0;
			defaultConfigurationName = Release;
		};
		3EA210D12C0536FC00333B28 /* Build configuration list for PBXNativeTarget "Textual" */ = {
			isa = XCConfigurationList;
			buildConfigurations = (
				3EA210D22C0536FC00333B28 /* Debug */,
				3EA210D32C0536FC00333B28 /* Release */,
			);
			defaultConfigurationIsVisible = 0;
			defaultConfigurationName = Release;
		};
		3EA210D42C0536FC00333B28 /* Build configuration list for PBXNativeTarget "TextualTests" */ = {
			isa = XCConfigurationList;
			buildConfigurations = (
				3EA210D52C0536FC00333B28 /* Debug */,
				3EA210D62C0536FC00333B28 /* Release */,
			);
			defaultConfigurationIsVisible = 0;
			defaultConfigurationName = Release;
		};
		3EA210D72C0536FC00333B28 /* Build configuration list for PBXNativeTarget "TextualUITests" */ = {
			isa = XCConfigurationList;
			buildConfigurations = (
				3EA210D82C0536FC00333B28 /* Debug */,
				3EA210D92C0536FC00333B28 /* Release */,
			);
			defaultConfigurationIsVisible = 0;
			defaultConfigurationName = Release;
		};
/* End XCConfigurationList section */
	};
	rootObject = 3EA210A52C0536FB00333B28 /* Project object */;
}
